// !$*UTF8*$!
{
	archiveVersion = 1;
	classes = {
	};
	objectVersion = 50;
	objects = {

/* Begin PBXBuildFile section */
		5449C10720CA372F00CA8B69 /* AppDelegate.swift in Sources */ = {isa = PBXBuildFile; fileRef = 5449C10620CA372F00CA8B69 /* AppDelegate.swift */; };
		5449C10920CA372F00CA8B69 /* ViewController.swift in Sources */ = {isa = PBXBuildFile; fileRef = 5449C10820CA372F00CA8B69 /* ViewController.swift */; };
		5449C10C20CA372F00CA8B69 /* Main.storyboard in Resources */ = {isa = PBXBuildFile; fileRef = 5449C10A20CA372F00CA8B69 /* Main.storyboard */; };
		5449C10E20CA373000CA8B69 /* Assets.xcassets in Resources */ = {isa = PBXBuildFile; fileRef = 5449C10D20CA373000CA8B69 /* Assets.xcassets */; };
		5449C11120CA373000CA8B69 /* LaunchScreen.storyboard in Resources */ = {isa = PBXBuildFile; fileRef = 5449C10F20CA373000CA8B69 /* LaunchScreen.storyboard */; };
		5449C11920CA389100CA8B69 /* UIImageView+Extentions.swift in Sources */ = {isa = PBXBuildFile; fileRef = 5449C11820CA389100CA8B69 /* UIImageView+Extentions.swift */; };
		5449C11B20CA3A4D00CA8B69 /* TableViewCell.swift in Sources */ = {isa = PBXBuildFile; fileRef = 5449C11A20CA3A4D00CA8B69 /* TableViewCell.swift */; };
		5449C11D20CA3E4900CA8B69 /* String+Extentions.swift in Sources */ = {isa = PBXBuildFile; fileRef = 5449C11C20CA3E4900CA8B69 /* String+Extentions.swift */; };
/* End PBXBuildFile section */

/* Begin PBXFileReference section */
		5449C10320CA372F00CA8B69 /* ReadMore.app */ = {isa = PBXFileReference; explicitFileType = wrapper.application; includeInIndex = 0; path = ReadMore.app; sourceTree = BUILT_PRODUCTS_DIR; };
		5449C10620CA372F00CA8B69 /* AppDelegate.swift */ = {isa = PBXFileReference; lastKnownFileType = sourcecode.swift; path = AppDelegate.swift; sourceTree = "<group>"; };
		5449C10820CA372F00CA8B69 /* ViewController.swift */ = {isa = PBXFileReference; lastKnownFileType = sourcecode.swift; path = ViewController.swift; sourceTree = "<group>"; };
		5449C10B20CA372F00CA8B69 /* Base */ = {isa = PBXFileReference; lastKnownFileType = file.storyboard; name = Base; path = Base.lproj/Main.storyboard; sourceTree = "<group>"; };
		5449C10D20CA373000CA8B69 /* Assets.xcassets */ = {isa = PBXFileReference; lastKnownFileType = folder.assetcatalog; path = Assets.xcassets; sourceTree = "<group>"; };
		5449C11020CA373000CA8B69 /* Base */ = {isa = PBXFileReference; lastKnownFileType = file.storyboard; name = Base; path = Base.lproj/LaunchScreen.storyboard; sourceTree = "<group>"; };
		5449C11220CA373000CA8B69 /* Info.plist */ = {isa = PBXFileReference; lastKnownFileType = text.plist.xml; path = Info.plist; sourceTree = "<group>"; };
		5449C11820CA389100CA8B69 /* UIImageView+Extentions.swift */ = {isa = PBXFileReference; lastKnownFileType = sourcecode.swift; path = "UIImageView+Extentions.swift"; sourceTree = "<group>"; };
		5449C11A20CA3A4D00CA8B69 /* TableViewCell.swift */ = {isa = PBXFileReference; lastKnownFileType = sourcecode.swift; path = TableViewCell.swift; sourceTree = "<group>"; };
		5449C11C20CA3E4900CA8B69 /* String+Extentions.swift */ = {isa = PBXFileReference; lastKnownFileType = sourcecode.swift; path = "String+Extentions.swift"; sourceTree = "<group>"; };
/* End PBXFileReference section */

/* Begin PBXFrameworksBuildPhase section */
		5449C10020CA372F00CA8B69 /* Frameworks */ = {
			isa = PBXFrameworksBuildPhase;
			buildActionMask = 2147483647;
			files = (
			);
			runOnlyForDeploymentPostprocessing = 0;
		};
/* End PBXFrameworksBuildPhase section */

/* Begin PBXGroup section */
		5449C0FA20CA372F00CA8B69 = {
			isa = PBXGroup;
			children = (
				5449C10520CA372F00CA8B69 /* ReadMore */,
				5449C10420CA372F00CA8B69 /* Products */,
			);
			sourceTree = "<group>";
		};
		5449C10420CA372F00CA8B69 /* Products */ = {
			isa = PBXGroup;
			children = (
				5449C10320CA372F00CA8B69 /* ReadMore.app */,
			);
			name = Products;
			sourceTree = "<group>";
		};
		5449C10520CA372F00CA8B69 /* ReadMore */ = {
			isa = PBXGroup;
			children = (
				5449C10620CA372F00CA8B69 /* AppDelegate.swift */,
				5449C10820CA372F00CA8B69 /* ViewController.swift */,
				5449C11A20CA3A4D00CA8B69 /* TableViewCell.swift */,
				5449C11820CA389100CA8B69 /* UIImageView+Extentions.swift */,
				5449C11C20CA3E4900CA8B69 /* String+Extentions.swift */,
				5449C10A20CA372F00CA8B69 /* Main.storyboard */,
				5449C10D20CA373000CA8B69 /* Assets.xcassets */,
				5449C10F20CA373000CA8B69 /* LaunchScreen.storyboard */,
				5449C11220CA373000CA8B69 /* Info.plist */,
			);
			path = ReadMore;
			sourceTree = "<group>";
		};
/* End PBXGroup section */

/* Begin PBXNativeTarget section */
		5449C10220CA372F00CA8B69 /* ReadMore */ = {
			isa = PBXNativeTarget;
			buildConfigurationList = 5449C11520CA373000CA8B69 /* Build configuration list for PBXNativeTarget "ReadMore" */;
			buildPhases = (
				5449C0FF20CA372F00CA8B69 /* Sources */,
				5449C10020CA372F00CA8B69 /* Frameworks */,
				5449C10120CA372F00CA8B69 /* Resources */,
			);
			buildRules = (
			);
			dependencies = (
			);
			name = ReadMore;
			productName = ReadMore;
			productReference = 5449C10320CA372F00CA8B69 /* ReadMore.app */;
			productType = "com.apple.product-type.application";
		};
/* End PBXNativeTarget section */

/* Begin PBXProject section */
		5449C0FB20CA372F00CA8B69 /* Project object */ = {
			isa = PBXProject;
			attributes = {
				LastSwiftUpdateCheck = 0930;
				LastUpgradeCheck = 0930;
				ORGANIZATIONNAME = Chung;
				TargetAttributes = {
					5449C10220CA372F00CA8B69 = {
						CreatedOnToolsVersion = 9.3;
					};
				};
			};
			buildConfigurationList = 5449C0FE20CA372F00CA8B69 /* Build configuration list for PBXProject "ReadMore" */;
			compatibilityVersion = "Xcode 9.3";
			developmentRegion = en;
			hasScannedForEncodings = 0;
			knownRegions = (
				en,
				Base,
			);
			mainGroup = 5449C0FA20CA372F00CA8B69;
			productRefGroup = 5449C10420CA372F00CA8B69 /* Products */;
			projectDirPath = "";
			projectRoot = "";
			targets = (
				5449C10220CA372F00CA8B69 /* ReadMore */,
			);
		};
/* End PBXProject section */

/* Begin PBXResourcesBuildPhase section */
		5449C10120CA372F00CA8B69 /* Resources */ = {
			isa = PBXResourcesBuildPhase;
			buildActionMask = 2147483647;
			files = (
				5449C11120CA373000CA8B69 /* LaunchScreen.storyboard in Resources */,
				5449C10E20CA373000CA8B69 /* Assets.xcassets in Resources */,
				5449C10C20CA372F00CA8B69 /* Main.storyboard in Resources */,
			);
			runOnlyForDeploymentPostprocessing = 0;
		};
/* End PBXResourcesBuildPhase section */

/* Begin PBXSourcesBuildPhase section */
		5449C0FF20CA372F00CA8B69 /* Sources */ = {
			isa = PBXSourcesBuildPhase;
			buildActionMask = 2147483647;
			files = (
				5449C11D20CA3E4900CA8B69 /* String+Extentions.swift in Sources */,
				5449C11920CA389100CA8B69 /* UIImageView+Extentions.swift in Sources */,
				5449C11B20CA3A4D00CA8B69 /* TableViewCell.swift in Sources */,
				5449C10920CA372F00CA8B69 /* ViewController.swift in Sources */,
				5449C10720CA372F00CA8B69 /* AppDelegate.swift in Sources */,
			);
			runOnlyForDeploymentPostprocessing = 0;
		};
/* End PBXSourcesBuildPhase section */

/* Begin PBXVariantGroup section */
		5449C10A20CA372F00CA8B69 /* Main.storyboard */ = {
			isa = PBXVariantGroup;
			children = (
				5449C10B20CA372F00CA8B69 /* Base */,
			);
			name = Main.storyboard;
			sourceTree = "<group>";
		};
		5449C10F20CA373000CA8B69 /* LaunchScreen.storyboard */ = {
			isa = PBXVariantGroup;
			children = (
				5449C11020CA373000CA8B69 /* Base */,
			);
			name = LaunchScreen.storyboard;
			sourceTree = "<group>";
		};
/* End PBXVariantGroup section */

/* Begin XCBuildConfiguration section */
		5449C11320CA373000CA8B69 /* Debug */ = {
			isa = XCBuildConfiguration;
			buildSettings = {
				ALWAYS_SEARCH_USER_PATHS = NO;
				CLANG_ANALYZER_NONNULL = YES;
				CLANG_ANALYZER_NUMBER_OBJECT_CONVERSION = YES_AGGRESSIVE;
				CLANG_CXX_LANGUAGE_STANDARD = "gnu++14";
				CLANG_CXX_LIBRARY = "libc++";
				CLANG_ENABLE_MODULES = YES;
				CLANG_ENABLE_OBJC_ARC = YES;
				CLANG_ENABLE_OBJC_WEAK = YES;
				CLANG_WARN_BLOCK_CAPTURE_AUTORELEASING = YES;
				CLANG_WARN_BOOL_CONVERSION = YES;
				CLANG_WARN_COMMA = YES;
				CLANG_WARN_CONSTANT_CONVERSION = YES;
				CLANG_WARN_DEPRECATED_OBJC_IMPLEMENTATIONS = YES;
				CLANG_WARN_DIRECT_OBJC_ISA_USAGE = YES_ERROR;
				CLANG_WARN_DOCUMENTATION_COMMENTS = YES;
				CLANG_WARN_EMPTY_BODY = YES;
				CLANG_WARN_ENUM_CONVERSION = YES;
				CLANG_WARN_INFINITE_RECURSION = YES;
				CLANG_WARN_INT_CONVERSION = YES;
				CLANG_WARN_NON_LITERAL_NULL_CONVERSION = YES;
				CLANG_WARN_OBJC_IMPLICIT_RETAIN_SELF = YES;
				CLANG_WARN_OBJC_LITERAL_CONVERSION = YES;
				CLANG_WARN_OBJC_ROOT_CLASS = YES_ERROR;
				CLANG_WARN_RANGE_LOOP_ANALYSIS = YES;
				CLANG_WARN_STRICT_PROTOTYPES = YES;
				CLANG_WARN_SUSPICIOUS_MOVE = YES;
				CLANG_WARN_UNGUARDED_AVAILABILITY = YES_AGGRESSIVE;
				CLANG_WARN_UNREACHABLE_CODE = YES;
				CLANG_WARN__DUPLICATE_METHOD_MATCH = YES;
				CODE_SIGN_IDENTITY = "iPhone Developer";
				COPY_PHASE_STRIP = NO;
				DEBUG_INFORMATION_FORMAT = dwarf;
				ENABLE_STRICT_OBJC_MSGSEND = YES;
				ENABLE_TESTABILITY = YES;
				GCC_C_LANGUAGE_STANDARD = gnu11;
				GCC_DYNAMIC_NO_PIC = NO;
				GCC_NO_COMMON_BLOCKS = YES;
				GCC_OPTIMIZATION_LEVEL = 0;
				GCC_PREPROCESSOR_DEFINITIONS = (
					"DEBUG=1",
					"$(inherited)",
				);
				GCC_WARN_64_TO_32_BIT_CONVERSION = YES;
				GCC_WARN_ABOUT_RETURN_TYPE = YES_ERROR;
				GCC_WARN_UNDECLARED_SELECTOR = YES;
				GCC_WARN_UNINITIALIZED_AUTOS = YES_AGGRESSIVE;
				GCC_WARN_UNUSED_FUNCTION = YES;
				GCC_WARN_UNUSED_VARIABLE = YES;
				IPHONEOS_DEPLOYMENT_TARGET = 11.3;
				MTL_ENABLE_DEBUG_INFO = YES;
				ONLY_ACTIVE_ARCH = YES;
				SDKROOT = iphoneos;
				SWIFT_ACTIVE_COMPILATION_CONDITIONS = DEBUG;
				SWIFT_OPTIMIZATION_LEVEL = "-Onone";
			};
			name = Debug;
		};
		5449C11420CA373000CA8B69 /* Release */ = {
			isa = XCBuildConfiguration;
			buildSettings = {
				ALWAYS_SEARCH_USER_PATHS = NO;
				CLANG_ANALYZER_NONNULL = YES;
				CLANG_ANALYZER_NUMBER_OBJECT_CONVERSION = YES_AGGRESSIVE;
				CLANG_CXX_LANGUAGE_STANDARD = "gnu++14";
				CLANG_CXX_LIBRARY = "libc++";
				CLANG_ENABLE_MODULES = YES;
				CLANG_ENABLE_OBJC_ARC = YES;
				CLANG_ENABLE_OBJC_WEAK = YES;
				CLANG_WARN_BLOCK_CAPTURE_AUTORELEASING = YES;
				CLANG_WARN_BOOL_CONVERSION = YES;
				CLANG_WARN_COMMA = YES;
				CLANG_WARN_CONSTANT_CONVERSION = YES;
				CLANG_WARN_DEPRECATED_OBJC_IMPLEMENTATIONS = YES;
				CLANG_WARN_DIRECT_OBJC_ISA_USAGE = YES_ERROR;
				CLANG_WARN_DOCUMENTATION_COMMENTS = YES;
				CLANG_WARN_EMPTY_BODY = YES;
				CLANG_WARN_ENUM_CONVERSION = YES;
				CLANG_WARN_INFINITE_RECURSION = YES;
				CLANG_WARN_INT_CONVERSION = YES;
				CLANG_WARN_NON_LITERAL_NULL_CONVERSION = YES;
				CLANG_WARN_OBJC_IMPLICIT_RETAIN_SELF = YES;
				CLANG_WARN_OBJC_LITERAL_CONVERSION = YES;
				CLANG_WARN_OBJC_ROOT_CLASS = YES_ERROR;
				CLANG_WARN_RANGE_LOOP_ANALYSIS = YES;
				CLANG_WARN_STRICT_PROTOTYPES = YES;
				CLANG_WARN_SUSPICIOUS_MOVE = YES;
				CLANG_WARN_UNGUARDED_AVAILABILITY = YES_AGGRESSIVE;
				CLANG_WARN_UNREACHABLE_CODE = YES;
				CLANG_WARN__DUPLICATE_METHOD_MATCH = YES;
				CODE_SIGN_IDENTITY = "iPhone Developer";
				COPY_PHASE_STRIP = NO;
				DEBUG_INFORMATION_FORMAT = "dwarf-with-dsym";
				ENABLE_NS_ASSERTIONS = NO;
				ENABLE_STRICT_OBJC_MSGSEND = YES;
				GCC_C_LANGUAGE_STANDARD = gnu11;
				GCC_NO_COMMON_BLOCKS = YES;
				GCC_WARN_64_TO_32_BIT_CONVERSION = YES;
				GCC_WARN_ABOUT_RETURN_TYPE = YES_ERROR;
				GCC_WARN_UNDECLARED_SELECTOR = YES;
				GCC_WARN_UNINITIALIZED_AUTOS = YES_AGGRESSIVE;
				GCC_WARN_UNUSED_FUNCTION = YES;
				GCC_WARN_UNUSED_VARIABLE = YES;
				IPHONEOS_DEPLOYMENT_TARGET = 11.3;
				MTL_ENABLE_DEBUG_INFO = NO;
				SDKROOT = iphoneos;
				SWIFT_COMPILATION_MODE = wholemodule;
				SWIFT_OPTIMIZATION_LEVEL = "-O";
				VALIDATE_PRODUCT = YES;
			};
			name = Release;
		};
		5449C11620CA373000CA8B69 /* Debug */ = {
			isa = XCBuildConfiguration;
			buildSettings = {
				ASSETCATALOG_COMPILER_APPICON_NAME = AppIcon;
				CODE_SIGN_STYLE = Automatic;
				DEVELOPMENT_TEAM = 56AJJ634ZU;
				INFOPLIST_FILE = ReadMore/Info.plist;
				IPHONEOS_DEPLOYMENT_TARGET = 9.3;
				LD_RUNPATH_SEARCH_PATHS = (
					"$(inherited)",
					"@executable_path/Frameworks",
				);
				PRODUCT_BUNDLE_IDENTIFIER = Big0.ReadMore;
				PRODUCT_NAME = "$(TARGET_NAME)";
				SWIFT_VERSION = 4.0;
				TARGETED_DEVICE_FAMILY = "1,2";
			};
			name = Debug;
		};
		5449C11720CA373000CA8B69 /* Release */ = {
			isa = XCBuildConfiguration;
			buildSettings = {
				ASSETCATALOG_COMPILER_APPICON_NAME = AppIcon;
				CODE_SIGN_STYLE = Automatic;
				DEVELOPMENT_TEAM = 56AJJ634ZU;
				INFOPLIST_FILE = ReadMore/Info.plist;
				IPHONEOS_DEPLOYMENT_TARGET = 9.3;
				LD_RUNPATH_SEARCH_PATHS = (
					"$(inherited)",
					"@executable_path/Frameworks",
				);
				PRODUCT_BUNDLE_IDENTIFIER = Big0.ReadMore;
				PRODUCT_NAME = "$(TARGET_NAME)";
				SWIFT_VERSION = 4.0;
				TARGETED_DEVICE_FAMILY = "1,2";
			};
			name = Release;
		};
/* End XCBuildConfiguration section */

/* Begin XCConfigurationList section */
		5449C0FE20CA372F00CA8B69 /* Build configuration list for PBXProject "ReadMore" */ = {
			isa = XCConfigurationList;
			buildConfigurations = (
				5449C11320CA373000CA8B69 /* Debug */,
				5449C11420CA373000CA8B69 /* Release */,
			);
			defaultConfigurationIsVisible = 0;
			defaultConfigurationName = Release;
		};
		5449C11520CA373000CA8B69 /* Build configuration list for PBXNativeTarget "ReadMore" */ = {
			isa = XCConfigurationList;
			buildConfigurations = (
				5449C11620CA373000CA8B69 /* Debug */,
				5449C11720CA373000CA8B69 /* Release */,
			);
			defaultConfigurationIsVisible = 0;
			defaultConfigurationName = Release;
		};
/* End XCConfigurationList section */
	};
	rootObject = 5449C0FB20CA372F00CA8B69 /* Project object */;
}
